// !$*UTF8*$!
{
	archiveVersion = 1;
	classes = {
	};
	objectVersion = 46;
	objects = {

/* Begin PBXBuildFile section */
		CC2C6D0D1F39AC4F00262B39 /* AppDelegate.swift in Sources */ = {isa = PBXBuildFile; fileRef = CC2C6D0C1F39AC4F00262B39 /* AppDelegate.swift */; };
		CC2C6D121F39AC4F00262B39 /* Main.storyboard in Resources */ = {isa = PBXBuildFile; fileRef = CC2C6D101F39AC4F00262B39 /* Main.storyboard */; };
		CC2C6D141F39AC4F00262B39 /* Assets.xcassets in Resources */ = {isa = PBXBuildFile; fileRef = CC2C6D131F39AC4F00262B39 /* Assets.xcassets */; };
		CC2C6D171F39AC4F00262B39 /* LaunchScreen.storyboard in Resources */ = {isa = PBXBuildFile; fileRef = CC2C6D151F39AC4F00262B39 /* LaunchScreen.storyboard */; };
		CC2C6D221F39AC4F00262B39 /* DemonTests.swift in Sources */ = {isa = PBXBuildFile; fileRef = CC2C6D211F39AC4F00262B39 /* DemonTests.swift */; };
		CC2C6D2D1F39AC5000262B39 /* DemonUITests.swift in Sources */ = {isa = PBXBuildFile; fileRef = CC2C6D2C1F39AC5000262B39 /* DemonUITests.swift */; };
		CC2C6D431F39B2F700262B39 /* BaseNavigationController.swift in Sources */ = {isa = PBXBuildFile; fileRef = CC2C6D401F39B2F700262B39 /* BaseNavigationController.swift */; };
		CC2C6D441F39B2F700262B39 /* BaseTabBarController.swift in Sources */ = {isa = PBXBuildFile; fileRef = CC2C6D411F39B2F700262B39 /* BaseTabBarController.swift */; };
		CC2C6D451F39B2F700262B39 /* BaseViewController.swift in Sources */ = {isa = PBXBuildFile; fileRef = CC2C6D421F39B2F700262B39 /* BaseViewController.swift */; };
		CC2C6D471F39B72400262B39 /* NewsViewController.swift in Sources */ = {isa = PBXBuildFile; fileRef = CC2C6D461F39B72400262B39 /* NewsViewController.swift */; };
		CC2C6D491F39B73900262B39 /* CircleViewController.swift in Sources */ = {isa = PBXBuildFile; fileRef = CC2C6D481F39B73900262B39 /* CircleViewController.swift */; };
		CC2C6D4B1F39B74A00262B39 /* MyViewController.swift in Sources */ = {isa = PBXBuildFile; fileRef = CC2C6D4A1F39B74A00262B39 /* MyViewController.swift */; };
		CC2C6D4E1F39B83100262B39 /* LoginViewController.swift in Sources */ = {isa = PBXBuildFile; fileRef = CC2C6D4D1F39B83100262B39 /* LoginViewController.swift */; };
		CC2C6D511F39B8C100262B39 /* Login.storyboard in Resources */ = {isa = PBXBuildFile; fileRef = CC2C6D501F39B8C100262B39 /* Login.storyboard */; };
		CC2C6D781F39BE0B00262B39 /* MOBFoundation.framework in Frameworks */ = {isa = PBXBuildFile; fileRef = CC2C6D551F39BE0B00262B39 /* MOBFoundation.framework */; };
		CC2C6D791F39BE0B00262B39 /* ShareSDK.framework in Frameworks */ = {isa = PBXBuildFile; fileRef = CC2C6D571F39BE0B00262B39 /* ShareSDK.framework */; };
		CC2C6D7A1F39BE0B00262B39 /* ShareSDKConfigFile.bundle in Resources */ = {isa = PBXBuildFile; fileRef = CC2C6D5A1F39BE0B00262B39 /* ShareSDKConfigFile.bundle */; };
		CC2C6D7B1F39BE0B00262B39 /* ShareSDKConfigFile.framework in Frameworks */ = {isa = PBXBuildFile; fileRef = CC2C6D5B1F39BE0B00262B39 /* ShareSDKConfigFile.framework */; };
		CC2C6D7C1F39BE0B00262B39 /* ShareSDKExtension.framework in Frameworks */ = {isa = PBXBuildFile; fileRef = CC2C6D5C1F39BE0B00262B39 /* ShareSDKExtension.framework */; };
		CC2C6D7D1F39BE0B00262B39 /* ShareSDKUI.bundle in Resources */ = {isa = PBXBuildFile; fileRef = CC2C6D5D1F39BE0B00262B39 /* ShareSDKUI.bundle */; };
		CC2C6D7E1F39BE0B00262B39 /* ShareSDKUI.framework in Frameworks */ = {isa = PBXBuildFile; fileRef = CC2C6D5E1F39BE0B00262B39 /* ShareSDKUI.framework */; };
		CC2C6D7F1F39BE0B00262B39 /* CopyConnector.framework in Frameworks */ = {isa = PBXBuildFile; fileRef = CC2C6D601F39BE0B00262B39 /* CopyConnector.framework */; };
		CC2C6D801F39BE0B00262B39 /* QQConnector.framework in Frameworks */ = {isa = PBXBuildFile; fileRef = CC2C6D611F39BE0B00262B39 /* QQConnector.framework */; };
		CC2C6D811F39BE0B00262B39 /* SinaWeiboConnector.framework in Frameworks */ = {isa = PBXBuildFile; fileRef = CC2C6D621F39BE0B00262B39 /* SinaWeiboConnector.framework */; };
		CC2C6D821F39BE0B00262B39 /* WechatConnector.framework in Frameworks */ = {isa = PBXBuildFile; fileRef = CC2C6D631F39BE0B00262B39 /* WechatConnector.framework */; };
		CC2C6D831F39BE0B00262B39 /* TencentOpenAPI.framework in Frameworks */ = {isa = PBXBuildFile; fileRef = CC2C6D661F39BE0B00262B39 /* TencentOpenAPI.framework */; };
		CC2C6D841F39BE0B00262B39 /* TencentOpenApi_IOS_Bundle.bundle in Resources */ = {isa = PBXBuildFile; fileRef = CC2C6D671F39BE0B00262B39 /* TencentOpenApi_IOS_Bundle.bundle */; };
		CC2C6D851F39BE0B00262B39 /* libWeiboSDK.a in Frameworks */ = {isa = PBXBuildFile; fileRef = CC2C6D691F39BE0B00262B39 /* libWeiboSDK.a */; };
		CC2C6D861F39BE0B00262B39 /* WeiboSDK.bundle in Resources */ = {isa = PBXBuildFile; fileRef = CC2C6D6D1F39BE0B00262B39 /* WeiboSDK.bundle */; };
		CC2C6D871F39BE0B00262B39 /* libWeChatSDK.a in Frameworks */ = {isa = PBXBuildFile; fileRef = CC2C6D701F39BE0B00262B39 /* libWeChatSDK.a */; };
		CC2C6D881F39BE0B00262B39 /* README.txt in Resources */ = {isa = PBXBuildFile; fileRef = CC2C6D711F39BE0B00262B39 /* README.txt */; };
		CC2C6D891F39BE0B00262B39 /* ShareSDK.bundle in Resources */ = {isa = PBXBuildFile; fileRef = CC2C6D761F39BE0B00262B39 /* ShareSDK.bundle */; };
		CC2C6D8A1F39BE0B00262B39 /* ShareSDKConnector.framework in Frameworks */ = {isa = PBXBuildFile; fileRef = CC2C6D771F39BE0B00262B39 /* ShareSDKConnector.framework */; };
		CC2C6D8D1F39BE3800262B39 /* libicucore.tbd in Frameworks */ = {isa = PBXBuildFile; fileRef = CC2C6D8C1F39BE3800262B39 /* libicucore.tbd */; };
		CC2C6D8F1F39BE4300262B39 /* libz.tbd in Frameworks */ = {isa = PBXBuildFile; fileRef = CC2C6D8E1F39BE4300262B39 /* libz.tbd */; };
		CC2C6D911F39BE4E00262B39 /* libstdc++.tbd in Frameworks */ = {isa = PBXBuildFile; fileRef = CC2C6D901F39BE4E00262B39 /* libstdc++.tbd */; };
		CC2C6D931F39BE5800262B39 /* JavaScriptCore.framework in Frameworks */ = {isa = PBXBuildFile; fileRef = CC2C6D921F39BE5700262B39 /* JavaScriptCore.framework */; };
		CC2C6D951F39BE6500262B39 /* libsqlite3.tbd in Frameworks */ = {isa = PBXBuildFile; fileRef = CC2C6D941F39BE6500262B39 /* libsqlite3.tbd */; };
/* End PBXBuildFile section */

/* Begin PBXContainerItemProxy section */
		CC2C6D1E1F39AC4F00262B39 /* PBXContainerItemProxy */ = {
			isa = PBXContainerItemProxy;
			containerPortal = CC2C6D011F39AC4F00262B39 /* Project object */;
			proxyType = 1;
			remoteGlobalIDString = CC2C6D081F39AC4F00262B39;
			remoteInfo = Demon;
		};
		CC2C6D291F39AC5000262B39 /* PBXContainerItemProxy */ = {
			isa = PBXContainerItemProxy;
			containerPortal = CC2C6D011F39AC4F00262B39 /* Project object */;
			proxyType = 1;
			remoteGlobalIDString = CC2C6D081F39AC4F00262B39;
			remoteInfo = Demon;
		};
/* End PBXContainerItemProxy section */

/* Begin PBXFileReference section */
		CC2C6D091F39AC4F00262B39 /* Demon.app */ = {isa = PBXFileReference; explicitFileType = wrapper.application; includeInIndex = 0; path = Demon.app; sourceTree = BUILT_PRODUCTS_DIR; };
		CC2C6D0C1F39AC4F00262B39 /* AppDelegate.swift */ = {isa = PBXFileReference; lastKnownFileType = sourcecode.swift; name = AppDelegate.swift; path = ../../AppDelegate.swift; sourceTree = "<group>"; };
		CC2C6D111F39AC4F00262B39 /* Base */ = {isa = PBXFileReference; lastKnownFileType = file.storyboard; name = Base; path = Base.lproj/Main.storyboard; sourceTree = "<group>"; };
		CC2C6D131F39AC4F00262B39 /* Assets.xcassets */ = {isa = PBXFileReference; lastKnownFileType = folder.assetcatalog; name = Assets.xcassets; path = ../../Assets.xcassets; sourceTree = "<group>"; };
		CC2C6D161F39AC4F00262B39 /* Base */ = {isa = PBXFileReference; lastKnownFileType = file.storyboard; name = Base; path = Base.lproj/LaunchScreen.storyboard; sourceTree = "<group>"; };
		CC2C6D181F39AC4F00262B39 /* Info.plist */ = {isa = PBXFileReference; lastKnownFileType = text.plist.xml; name = Info.plist; path = ../../Info.plist; sourceTree = "<group>"; };
		CC2C6D1D1F39AC4F00262B39 /* DemonTests.xctest */ = {isa = PBXFileReference; explicitFileType = wrapper.cfbundle; includeInIndex = 0; path = DemonTests.xctest; sourceTree = BUILT_PRODUCTS_DIR; };
		CC2C6D211F39AC4F00262B39 /* DemonTests.swift */ = {isa = PBXFileReference; lastKnownFileType = sourcecode.swift; path = DemonTests.swift; sourceTree = "<group>"; };
		CC2C6D231F39AC4F00262B39 /* Info.plist */ = {isa = PBXFileReference; lastKnownFileType = text.plist.xml; path = Info.plist; sourceTree = "<group>"; };
		CC2C6D281F39AC5000262B39 /* DemonUITests.xctest */ = {isa = PBXFileReference; explicitFileType = wrapper.cfbundle; includeInIndex = 0; path = DemonUITests.xctest; sourceTree = BUILT_PRODUCTS_DIR; };
		CC2C6D2C1F39AC5000262B39 /* DemonUITests.swift */ = {isa = PBXFileReference; lastKnownFileType = sourcecode.swift; path = DemonUITests.swift; sourceTree = "<group>"; };
		CC2C6D2E1F39AC5000262B39 /* Info.plist */ = {isa = PBXFileReference; lastKnownFileType = text.plist.xml; path = Info.plist; sourceTree = "<group>"; };
		CC2C6D401F39B2F700262B39 /* BaseNavigationController.swift */ = {isa = PBXFileReference; fileEncoding = 4; lastKnownFileType = sourcecode.swift; path = BaseNavigationController.swift; sourceTree = "<group>"; };
		CC2C6D411F39B2F700262B39 /* BaseTabBarController.swift */ = {isa = PBXFileReference; fileEncoding = 4; lastKnownFileType = sourcecode.swift; path = BaseTabBarController.swift; sourceTree = "<group>"; };
		CC2C6D421F39B2F700262B39 /* BaseViewController.swift */ = {isa = PBXFileReference; fileEncoding = 4; lastKnownFileType = sourcecode.swift; path = BaseViewController.swift; sourceTree = "<group>"; };
		CC2C6D461F39B72400262B39 /* NewsViewController.swift */ = {isa = PBXFileReference; fileEncoding = 4; lastKnownFileType = sourcecode.swift; path = NewsViewController.swift; sourceTree = "<group>"; };
		CC2C6D481F39B73900262B39 /* CircleViewController.swift */ = {isa = PBXFileReference; fileEncoding = 4; lastKnownFileType = sourcecode.swift; path = CircleViewController.swift; sourceTree = "<group>"; };
		CC2C6D4A1F39B74A00262B39 /* MyViewController.swift */ = {isa = PBXFileReference; fileEncoding = 4; lastKnownFileType = sourcecode.swift; path = MyViewController.swift; sourceTree = "<group>"; };
		CC2C6D4D1F39B83100262B39 /* LoginViewController.swift */ = {isa = PBXFileReference; fileEncoding = 4; lastKnownFileType = sourcecode.swift; path = LoginViewController.swift; sourceTree = "<group>"; };
		CC2C6D501F39B8C100262B39 /* Login.storyboard */ = {isa = PBXFileReference; fileEncoding = 4; lastKnownFileType = file.storyboard; path = Login.storyboard; sourceTree = "<group>"; };
		CC2C6D551F39BE0B00262B39 /* MOBFoundation.framework */ = {isa = PBXFileReference; lastKnownFileType = wrapper.framework; path = MOBFoundation.framework; sourceTree = "<group>"; };
		CC2C6D571F39BE0B00262B39 /* ShareSDK.framework */ = {isa = PBXFileReference; lastKnownFileType = wrapper.framework; path = ShareSDK.framework; sourceTree = "<group>"; };
		CC2C6D5A1F39BE0B00262B39 /* ShareSDKConfigFile.bundle */ = {isa = PBXFileReference; lastKnownFileType = "wrapper.plug-in"; path = ShareSDKConfigFile.bundle; sourceTree = "<group>"; };
		CC2C6D5B1F39BE0B00262B39 /* ShareSDKConfigFile.framework */ = {isa = PBXFileReference; lastKnownFileType = wrapper.framework; path = ShareSDKConfigFile.framework; sourceTree = "<group>"; };
		CC2C6D5C1F39BE0B00262B39 /* ShareSDKExtension.framework */ = {isa = PBXFileReference; lastKnownFileType = wrapper.framework; path = ShareSDKExtension.framework; sourceTree = "<group>"; };
		CC2C6D5D1F39BE0B00262B39 /* ShareSDKUI.bundle */ = {isa = PBXFileReference; lastKnownFileType = "wrapper.plug-in"; path = ShareSDKUI.bundle; sourceTree = "<group>"; };
		CC2C6D5E1F39BE0B00262B39 /* ShareSDKUI.framework */ = {isa = PBXFileReference; lastKnownFileType = wrapper.framework; path = ShareSDKUI.framework; sourceTree = "<group>"; };
		CC2C6D601F39BE0B00262B39 /* CopyConnector.framework */ = {isa = PBXFileReference; lastKnownFileType = wrapper.framework; path = CopyConnector.framework; sourceTree = "<group>"; };
		CC2C6D611F39BE0B00262B39 /* QQConnector.framework */ = {isa = PBXFileReference; lastKnownFileType = wrapper.framework; path = QQConnector.framework; sourceTree = "<group>"; };
		CC2C6D621F39BE0B00262B39 /* SinaWeiboConnector.framework */ = {isa = PBXFileReference; lastKnownFileType = wrapper.framework; path = SinaWeiboConnector.framework; sourceTree = "<group>"; };
		CC2C6D631F39BE0B00262B39 /* WechatConnector.framework */ = {isa = PBXFileReference; lastKnownFileType = wrapper.framework; path = WechatConnector.framework; sourceTree = "<group>"; };
		CC2C6D661F39BE0B00262B39 /* TencentOpenAPI.framework */ = {isa = PBXFileReference; lastKnownFileType = wrapper.framework; path = TencentOpenAPI.framework; sourceTree = "<group>"; };
		CC2C6D671F39BE0B00262B39 /* TencentOpenApi_IOS_Bundle.bundle */ = {isa = PBXFileReference; lastKnownFileType = "wrapper.plug-in"; path = TencentOpenApi_IOS_Bundle.bundle; sourceTree = "<group>"; };
		CC2C6D691F39BE0B00262B39 /* libWeiboSDK.a */ = {isa = PBXFileReference; lastKnownFileType = archive.ar; path = libWeiboSDK.a; sourceTree = "<group>"; };
		CC2C6D6A1F39BE0B00262B39 /* WBHttpRequest+WeiboToken.h */ = {isa = PBXFileReference; fileEncoding = 4; lastKnownFileType = sourcecode.c.h; path = "WBHttpRequest+WeiboToken.h"; sourceTree = "<group>"; };
		CC2C6D6B1F39BE0B00262B39 /* WBHttpRequest.h */ = {isa = PBXFileReference; fileEncoding = 4; lastKnownFileType = sourcecode.c.h; path = WBHttpRequest.h; sourceTree = "<group>"; };
		CC2C6D6C1F39BE0B00262B39 /* WeiboSDK+Statistics.h */ = {isa = PBXFileReference; fileEncoding = 4; lastKnownFileType = sourcecode.c.h; path = "WeiboSDK+Statistics.h"; sourceTree = "<group>"; };
		CC2C6D6D1F39BE0B00262B39 /* WeiboSDK.bundle */ = {isa = PBXFileReference; lastKnownFileType = "wrapper.plug-in"; path = WeiboSDK.bundle; sourceTree = "<group>"; };
		CC2C6D6E1F39BE0B00262B39 /* WeiboSDK.h */ = {isa = PBXFileReference; fileEncoding = 4; lastKnownFileType = sourcecode.c.h; path = WeiboSDK.h; sourceTree = "<group>"; };
		CC2C6D701F39BE0B00262B39 /* libWeChatSDK.a */ = {isa = PBXFileReference; lastKnownFileType = archive.ar; path = libWeChatSDK.a; sourceTree = "<group>"; };
		CC2C6D711F39BE0B00262B39 /* README.txt */ = {isa = PBXFileReference; fileEncoding = 4; lastKnownFileType = text; path = README.txt; sourceTree = "<group>"; };
		CC2C6D721F39BE0B00262B39 /* WechatAuthSDK.h */ = {isa = PBXFileReference; fileEncoding = 4; lastKnownFileType = sourcecode.c.h; path = WechatAuthSDK.h; sourceTree = "<group>"; };
		CC2C6D731F39BE0B00262B39 /* WXApi.h */ = {isa = PBXFileReference; fileEncoding = 4; lastKnownFileType = sourcecode.c.h; path = WXApi.h; sourceTree = "<group>"; };
		CC2C6D741F39BE0B00262B39 /* WXApiObject.h */ = {isa = PBXFileReference; fileEncoding = 4; lastKnownFileType = sourcecode.c.h; path = WXApiObject.h; sourceTree = "<group>"; };
		CC2C6D761F39BE0B00262B39 /* ShareSDK.bundle */ = {isa = PBXFileReference; lastKnownFileType = "wrapper.plug-in"; path = ShareSDK.bundle; sourceTree = "<group>"; };
		CC2C6D771F39BE0B00262B39 /* ShareSDKConnector.framework */ = {isa = PBXFileReference; lastKnownFileType = wrapper.framework; path = ShareSDKConnector.framework; sourceTree = "<group>"; };
		CC2C6D8C1F39BE3800262B39 /* libicucore.tbd */ = {isa = PBXFileReference; lastKnownFileType = "sourcecode.text-based-dylib-definition"; name = libicucore.tbd; path = usr/lib/libicucore.tbd; sourceTree = SDKROOT; };
		CC2C6D8E1F39BE4300262B39 /* libz.tbd */ = {isa = PBXFileReference; lastKnownFileType = "sourcecode.text-based-dylib-definition"; name = libz.tbd; path = usr/lib/libz.tbd; sourceTree = SDKROOT; };
		CC2C6D901F39BE4E00262B39 /* libstdc++.tbd */ = {isa = PBXFileReference; lastKnownFileType = "sourcecode.text-based-dylib-definition"; name = "libstdc++.tbd"; path = "usr/lib/libstdc++.tbd"; sourceTree = SDKROOT; };
		CC2C6D921F39BE5700262B39 /* JavaScriptCore.framework */ = {isa = PBXFileReference; lastKnownFileType = wrapper.framework; name = JavaScriptCore.framework; path = System/Library/Frameworks/JavaScriptCore.framework; sourceTree = SDKROOT; };
		CC2C6D941F39BE6500262B39 /* libsqlite3.tbd */ = {isa = PBXFileReference; lastKnownFileType = "sourcecode.text-based-dylib-definition"; name = libsqlite3.tbd; path = usr/lib/libsqlite3.tbd; sourceTree = SDKROOT; };
		CC2C6D961F39BF0400262B39 /* ShareSDK-Bridging-Header.h */ = {isa = PBXFileReference; lastKnownFileType = sourcecode.c.h; path = "ShareSDK-Bridging-Header.h"; sourceTree = "<group>"; };
/* End PBXFileReference section */

/* Begin PBXFrameworksBuildPhase section */
		CC2C6D061F39AC4F00262B39 /* Frameworks */ = {
			isa = PBXFrameworksBuildPhase;
			buildActionMask = 2147483647;
			files = (
				CC2C6D951F39BE6500262B39 /* libsqlite3.tbd in Frameworks */,
				CC2C6D931F39BE5800262B39 /* JavaScriptCore.framework in Frameworks */,
				CC2C6D911F39BE4E00262B39 /* libstdc++.tbd in Frameworks */,
				CC2C6D8F1F39BE4300262B39 /* libz.tbd in Frameworks */,
				CC2C6D8D1F39BE3800262B39 /* libicucore.tbd in Frameworks */,
				CC2C6D7E1F39BE0B00262B39 /* ShareSDKUI.framework in Frameworks */,
				CC2C6D851F39BE0B00262B39 /* libWeiboSDK.a in Frameworks */,
				CC2C6D871F39BE0B00262B39 /* libWeChatSDK.a in Frameworks */,
				CC2C6D781F39BE0B00262B39 /* MOBFoundation.framework in Frameworks */,
				CC2C6D7C1F39BE0B00262B39 /* ShareSDKExtension.framework in Frameworks */,
				CC2C6D7F1F39BE0B00262B39 /* CopyConnector.framework in Frameworks */,
				CC2C6D821F39BE0B00262B39 /* WechatConnector.framework in Frameworks */,
				CC2C6D831F39BE0B00262B39 /* TencentOpenAPI.framework in Frameworks */,
				CC2C6D811F39BE0B00262B39 /* SinaWeiboConnector.framework in Frameworks */,
				CC2C6D801F39BE0B00262B39 /* QQConnector.framework in Frameworks */,
				CC2C6D7B1F39BE0B00262B39 /* ShareSDKConfigFile.framework in Frameworks */,
				CC2C6D791F39BE0B00262B39 /* ShareSDK.framework in Frameworks */,
				CC2C6D8A1F39BE0B00262B39 /* ShareSDKConnector.framework in Frameworks */,
			);
			runOnlyForDeploymentPostprocessing = 0;
		};
		CC2C6D1A1F39AC4F00262B39 /* Frameworks */ = {
			isa = PBXFrameworksBuildPhase;
			buildActionMask = 2147483647;
			files = (
			);
			runOnlyForDeploymentPostprocessing = 0;
		};
		CC2C6D251F39AC5000262B39 /* Frameworks */ = {
			isa = PBXFrameworksBuildPhase;
			buildActionMask = 2147483647;
			files = (
			);
			runOnlyForDeploymentPostprocessing = 0;
		};
/* End PBXFrameworksBuildPhase section */

/* Begin PBXGroup section */
		CC2C6D001F39AC4F00262B39 = {
			isa = PBXGroup;
			children = (
				CC2C6D0B1F39AC4F00262B39 /* Demon */,
				CC2C6D201F39AC4F00262B39 /* DemonTests */,
				CC2C6D2B1F39AC5000262B39 /* DemonUITests */,
				CC2C6D0A1F39AC4F00262B39 /* Products */,
				CC2C6D8B1F39BE3800262B39 /* Frameworks */,
			);
			sourceTree = "<group>";
		};
		CC2C6D0A1F39AC4F00262B39 /* Products */ = {
			isa = PBXGroup;
			children = (
				CC2C6D091F39AC4F00262B39 /* Demon.app */,
				CC2C6D1D1F39AC4F00262B39 /* DemonTests.xctest */,
				CC2C6D281F39AC5000262B39 /* DemonUITests.xctest */,
			);
			name = Products;
			sourceTree = "<group>";
		};
		CC2C6D0B1F39AC4F00262B39 /* Demon */ = {
			isa = PBXGroup;
			children = (
				CC2C6D3A1F39AD2700262B39 /* Classes */,
			);
			path = Demon;
			sourceTree = "<group>";
		};
		CC2C6D201F39AC4F00262B39 /* DemonTests */ = {
			isa = PBXGroup;
			children = (
				CC2C6D211F39AC4F00262B39 /* DemonTests.swift */,
				CC2C6D231F39AC4F00262B39 /* Info.plist */,
			);
			path = DemonTests;
			sourceTree = "<group>";
		};
		CC2C6D2B1F39AC5000262B39 /* DemonUITests */ = {
			isa = PBXGroup;
			children = (
				CC2C6D2C1F39AC5000262B39 /* DemonUITests.swift */,
				CC2C6D2E1F39AC5000262B39 /* Info.plist */,
			);
			path = DemonUITests;
			sourceTree = "<group>";
		};
		CC2C6D3A1F39AD2700262B39 /* Classes */ = {
			isa = PBXGroup;
			children = (
				CC2C6D521F39BE0000262B39 /* Lib */,
				CC2C6D4F1F39B8B200262B39 /* SB */,
				CC2C6D4C1F39B81B00262B39 /* Login */,
				CC2C6D3F1F39B2F200262B39 /* Base */,
				CC2C6D3E1F39AD3600262B39 /* Other */,
				CC2C6D3B1F39AD2700262B39 /* Circle */,
				CC2C6D3C1F39AD2700262B39 /* My */,
				CC2C6D3D1F39AD2700262B39 /* News */,
			);
			path = Classes;
			sourceTree = "<group>";
		};
		CC2C6D3B1F39AD2700262B39 /* Circle */ = {
			isa = PBXGroup;
			children = (
				CC2C6D481F39B73900262B39 /* CircleViewController.swift */,
			);
			path = Circle;
			sourceTree = "<group>";
		};
		CC2C6D3C1F39AD2700262B39 /* My */ = {
			isa = PBXGroup;
			children = (
				CC2C6D4A1F39B74A00262B39 /* MyViewController.swift */,
			);
			path = My;
			sourceTree = "<group>";
		};
		CC2C6D3D1F39AD2700262B39 /* News */ = {
			isa = PBXGroup;
			children = (
				CC2C6D461F39B72400262B39 /* NewsViewController.swift */,
			);
			path = News;
			sourceTree = "<group>";
		};
		CC2C6D3E1F39AD3600262B39 /* Other */ = {
			isa = PBXGroup;
			children = (
				CC2C6D181F39AC4F00262B39 /* Info.plist */,
				CC2C6D0C1F39AC4F00262B39 /* AppDelegate.swift */,
				CC2C6D101F39AC4F00262B39 /* Main.storyboard */,
				CC2C6D131F39AC4F00262B39 /* Assets.xcassets */,
				CC2C6D151F39AC4F00262B39 /* LaunchScreen.storyboard */,
				CC2C6D961F39BF0400262B39 /* ShareSDK-Bridging-Header.h */,
			);
			path = Other;
			sourceTree = "<group>";
		};
		CC2C6D3F1F39B2F200262B39 /* Base */ = {
			isa = PBXGroup;
			children = (
				CC2C6D401F39B2F700262B39 /* BaseNavigationController.swift */,
				CC2C6D411F39B2F700262B39 /* BaseTabBarController.swift */,
				CC2C6D421F39B2F700262B39 /* BaseViewController.swift */,
			);
			path = Base;
			sourceTree = "<group>";
		};
		CC2C6D4C1F39B81B00262B39 /* Login */ = {
			isa = PBXGroup;
			children = (
				CC2C6D4D1F39B83100262B39 /* LoginViewController.swift */,
			);
			path = Login;
			sourceTree = "<group>";
		};
		CC2C6D4F1F39B8B200262B39 /* SB */ = {
			isa = PBXGroup;
			children = (
				CC2C6D501F39B8C100262B39 /* Login.storyboard */,
			);
			path = SB;
			sourceTree = "<group>";
		};
		CC2C6D521F39BE0000262B39 /* Lib */ = {
			isa = PBXGroup;
			children = (
				CC2C6D531F39BE0B00262B39 /* SDK */,
			);
			path = Lib;
			sourceTree = "<group>";
		};
		CC2C6D531F39BE0B00262B39 /* SDK */ = {
			isa = PBXGroup;
			children = (
				CC2C6D541F39BE0B00262B39 /* Required */,
				CC2C6D561F39BE0B00262B39 /* ShareSDK */,
			);
			path = SDK;
			sourceTree = "<group>";
		};
		CC2C6D541F39BE0B00262B39 /* Required */ = {
			isa = PBXGroup;
			children = (
				CC2C6D551F39BE0B00262B39 /* MOBFoundation.framework */,
			);
			path = Required;
			sourceTree = "<group>";
		};
		CC2C6D561F39BE0B00262B39 /* ShareSDK */ = {
			isa = PBXGroup;
			children = (
				CC2C6D571F39BE0B00262B39 /* ShareSDK.framework */,
				CC2C6D581F39BE0B00262B39 /* Support */,
			);
			path = ShareSDK;
			sourceTree = "<group>";
		};
		CC2C6D581F39BE0B00262B39 /* Support */ = {
			isa = PBXGroup;
			children = (
				CC2C6D591F39BE0B00262B39 /* Optional */,
				CC2C6D5F1F39BE0B00262B39 /* PlatformConnector */,
				CC2C6D641F39BE0B00262B39 /* PlatformSDK */,
				CC2C6D751F39BE0B00262B39 /* Required */,
			);
			path = Support;
			sourceTree = "<group>";
		};
		CC2C6D591F39BE0B00262B39 /* Optional */ = {
			isa = PBXGroup;
			children = (
				CC2C6D5A1F39BE0B00262B39 /* ShareSDKConfigFile.bundle */,
				CC2C6D5B1F39BE0B00262B39 /* ShareSDKConfigFile.framework */,
				CC2C6D5C1F39BE0B00262B39 /* ShareSDKExtension.framework */,
				CC2C6D5D1F39BE0B00262B39 /* ShareSDKUI.bundle */,
				CC2C6D5E1F39BE0B00262B39 /* ShareSDKUI.framework */,
			);
			path = Optional;
			sourceTree = "<group>";
		};
		CC2C6D5F1F39BE0B00262B39 /* PlatformConnector */ = {
			isa = PBXGroup;
			children = (
				CC2C6D601F39BE0B00262B39 /* CopyConnector.framework */,
				CC2C6D611F39BE0B00262B39 /* QQConnector.framework */,
				CC2C6D621F39BE0B00262B39 /* SinaWeiboConnector.framework */,
				CC2C6D631F39BE0B00262B39 /* WechatConnector.framework */,
			);
			path = PlatformConnector;
			sourceTree = "<group>";
		};
		CC2C6D641F39BE0B00262B39 /* PlatformSDK */ = {
			isa = PBXGroup;
			children = (
				CC2C6D651F39BE0B00262B39 /* QQSDK */,
				CC2C6D681F39BE0B00262B39 /* SinaWeiboSDK */,
				CC2C6D6F1F39BE0B00262B39 /* WeChatSDK */,
			);
			path = PlatformSDK;
			sourceTree = "<group>";
		};
		CC2C6D651F39BE0B00262B39 /* QQSDK */ = {
			isa = PBXGroup;
			children = (
				CC2C6D661F39BE0B00262B39 /* TencentOpenAPI.framework */,
				CC2C6D671F39BE0B00262B39 /* TencentOpenApi_IOS_Bundle.bundle */,
			);
			path = QQSDK;
			sourceTree = "<group>";
		};
		CC2C6D681F39BE0B00262B39 /* SinaWeiboSDK */ = {
			isa = PBXGroup;
			children = (
				CC2C6D691F39BE0B00262B39 /* libWeiboSDK.a */,
				CC2C6D6A1F39BE0B00262B39 /* WBHttpRequest+WeiboToken.h */,
				CC2C6D6B1F39BE0B00262B39 /* WBHttpRequest.h */,
				CC2C6D6C1F39BE0B00262B39 /* WeiboSDK+Statistics.h */,
				CC2C6D6D1F39BE0B00262B39 /* WeiboSDK.bundle */,
				CC2C6D6E1F39BE0B00262B39 /* WeiboSDK.h */,
			);
			path = SinaWeiboSDK;
			sourceTree = "<group>";
		};
		CC2C6D6F1F39BE0B00262B39 /* WeChatSDK */ = {
			isa = PBXGroup;
			children = (
				CC2C6D701F39BE0B00262B39 /* libWeChatSDK.a */,
				CC2C6D711F39BE0B00262B39 /* README.txt */,
				CC2C6D721F39BE0B00262B39 /* WechatAuthSDK.h */,
				CC2C6D731F39BE0B00262B39 /* WXApi.h */,
				CC2C6D741F39BE0B00262B39 /* WXApiObject.h */,
			);
			path = WeChatSDK;
			sourceTree = "<group>";
		};
		CC2C6D751F39BE0B00262B39 /* Required */ = {
			isa = PBXGroup;
			children = (
				CC2C6D761F39BE0B00262B39 /* ShareSDK.bundle */,
				CC2C6D771F39BE0B00262B39 /* ShareSDKConnector.framework */,
			);
			path = Required;
			sourceTree = "<group>";
		};
		CC2C6D8B1F39BE3800262B39 /* Frameworks */ = {
			isa = PBXGroup;
			children = (
				CC2C6D941F39BE6500262B39 /* libsqlite3.tbd */,
				CC2C6D921F39BE5700262B39 /* JavaScriptCore.framework */,
				CC2C6D901F39BE4E00262B39 /* libstdc++.tbd */,
				CC2C6D8E1F39BE4300262B39 /* libz.tbd */,
				CC2C6D8C1F39BE3800262B39 /* libicucore.tbd */,
			);
			name = Frameworks;
			sourceTree = "<group>";
		};
/* End PBXGroup section */

/* Begin PBXNativeTarget section */
		CC2C6D081F39AC4F00262B39 /* Demon */ = {
			isa = PBXNativeTarget;
			buildConfigurationList = CC2C6D311F39AC5000262B39 /* Build configuration list for PBXNativeTarget "Demon" */;
			buildPhases = (
				CC2C6D051F39AC4F00262B39 /* Sources */,
				CC2C6D061F39AC4F00262B39 /* Frameworks */,
				CC2C6D071F39AC4F00262B39 /* Resources */,
			);
			buildRules = (
			);
			dependencies = (
			);
			name = Demon;
			productName = Demon;
			productReference = CC2C6D091F39AC4F00262B39 /* Demon.app */;
			productType = "com.apple.product-type.application";
		};
		CC2C6D1C1F39AC4F00262B39 /* DemonTests */ = {
			isa = PBXNativeTarget;
			buildConfigurationList = CC2C6D341F39AC5000262B39 /* Build configuration list for PBXNativeTarget "DemonTests" */;
			buildPhases = (
				CC2C6D191F39AC4F00262B39 /* Sources */,
				CC2C6D1A1F39AC4F00262B39 /* Frameworks */,
				CC2C6D1B1F39AC4F00262B39 /* Resources */,
			);
			buildRules = (
			);
			dependencies = (
				CC2C6D1F1F39AC4F00262B39 /* PBXTargetDependency */,
			);
			name = DemonTests;
			productName = DemonTests;
			productReference = CC2C6D1D1F39AC4F00262B39 /* DemonTests.xctest */;
			productType = "com.apple.product-type.bundle.unit-test";
		};
		CC2C6D271F39AC5000262B39 /* DemonUITests */ = {
			isa = PBXNativeTarget;
			buildConfigurationList = CC2C6D371F39AC5000262B39 /* Build configuration list for PBXNativeTarget "DemonUITests" */;
			buildPhases = (
				CC2C6D241F39AC5000262B39 /* Sources */,
				CC2C6D251F39AC5000262B39 /* Frameworks */,
				CC2C6D261F39AC5000262B39 /* Resources */,
			);
			buildRules = (
			);
			dependencies = (
				CC2C6D2A1F39AC5000262B39 /* PBXTargetDependency */,
			);
			name = DemonUITests;
			productName = DemonUITests;
			productReference = CC2C6D281F39AC5000262B39 /* DemonUITests.xctest */;
			productType = "com.apple.product-type.bundle.ui-testing";
		};
/* End PBXNativeTarget section */

/* Begin PBXProject section */
		CC2C6D011F39AC4F00262B39 /* Project object */ = {
			isa = PBXProject;
			attributes = {
				LastSwiftUpdateCheck = 0830;
				LastUpgradeCheck = 0830;
				ORGANIZATIONNAME = afarsoft;
				TargetAttributes = {
					CC2C6D081F39AC4F00262B39 = {
						CreatedOnToolsVersion = 8.3.3;
						DevelopmentTeam = Q3A9R265EU;
						ProvisioningStyle = Automatic;
					};
					CC2C6D1C1F39AC4F00262B39 = {
						CreatedOnToolsVersion = 8.3.3;
						ProvisioningStyle = Automatic;
						TestTargetID = CC2C6D081F39AC4F00262B39;
					};
					CC2C6D271F39AC5000262B39 = {
						CreatedOnToolsVersion = 8.3.3;
						ProvisioningStyle = Automatic;
						TestTargetID = CC2C6D081F39AC4F00262B39;
					};
				};
			};
			buildConfigurationList = CC2C6D041F39AC4F00262B39 /* Build configuration list for PBXProject "Demon" */;
			compatibilityVersion = "Xcode 3.2";
			developmentRegion = English;
			hasScannedForEncodings = 0;
			knownRegions = (
				en,
				Base,
			);
			mainGroup = CC2C6D001F39AC4F00262B39;
			productRefGroup = CC2C6D0A1F39AC4F00262B39 /* Products */;
			projectDirPath = "";
			projectRoot = "";
			targets = (
				CC2C6D081F39AC4F00262B39 /* Demon */,
				CC2C6D1C1F39AC4F00262B39 /* DemonTests */,
				CC2C6D271F39AC5000262B39 /* DemonUITests */,
			);
		};
/* End PBXProject section */

/* Begin PBXResourcesBuildPhase section */
		CC2C6D071F39AC4F00262B39 /* Resources */ = {
			isa = PBXResourcesBuildPhase;
			buildActionMask = 2147483647;
			files = (
				CC2C6D171F39AC4F00262B39 /* LaunchScreen.storyboard in Resources */,
				CC2C6D881F39BE0B00262B39 /* README.txt in Resources */,
				CC2C6D511F39B8C100262B39 /* Login.storyboard in Resources */,
				CC2C6D141F39AC4F00262B39 /* Assets.xcassets in Resources */,
				CC2C6D7A1F39BE0B00262B39 /* ShareSDKConfigFile.bundle in Resources */,
				CC2C6D841F39BE0B00262B39 /* TencentOpenApi_IOS_Bundle.bundle in Resources */,
				CC2C6D891F39BE0B00262B39 /* ShareSDK.bundle in Resources */,
				CC2C6D7D1F39BE0B00262B39 /* ShareSDKUI.bundle in Resources */,
				CC2C6D121F39AC4F00262B39 /* Main.storyboard in Resources */,
				CC2C6D861F39BE0B00262B39 /* WeiboSDK.bundle in Resources */,
			);
			runOnlyForDeploymentPostprocessing = 0;
		};
		CC2C6D1B1F39AC4F00262B39 /* Resources */ = {
			isa = PBXResourcesBuildPhase;
			buildActionMask = 2147483647;
			files = (
			);
			runOnlyForDeploymentPostprocessing = 0;
		};
		CC2C6D261F39AC5000262B39 /* Resources */ = {
			isa = PBXResourcesBuildPhase;
			buildActionMask = 2147483647;
			files = (
			);
			runOnlyForDeploymentPostprocessing = 0;
		};
/* End PBXResourcesBuildPhase section */

/* Begin PBXSourcesBuildPhase section */
		CC2C6D051F39AC4F00262B39 /* Sources */ = {
			isa = PBXSourcesBuildPhase;
			buildActionMask = 2147483647;
			files = (
				CC2C6D431F39B2F700262B39 /* BaseNavigationController.swift in Sources */,
				CC2C6D451F39B2F700262B39 /* BaseViewController.swift in Sources */,
				CC2C6D491F39B73900262B39 /* CircleViewController.swift in Sources */,
				CC2C6D4B1F39B74A00262B39 /* MyViewController.swift in Sources */,
				CC2C6D4E1F39B83100262B39 /* LoginViewController.swift in Sources */,
				CC2C6D0D1F39AC4F00262B39 /* AppDelegate.swift in Sources */,
				CC2C6D471F39B72400262B39 /* NewsViewController.swift in Sources */,
				CC2C6D441F39B2F700262B39 /* BaseTabBarController.swift in Sources */,
			);
			runOnlyForDeploymentPostprocessing = 0;
		};
		CC2C6D191F39AC4F00262B39 /* Sources */ = {
			isa = PBXSourcesBuildPhase;
			buildActionMask = 2147483647;
			files = (
				CC2C6D221F39AC4F00262B39 /* DemonTests.swift in Sources */,
			);
			runOnlyForDeploymentPostprocessing = 0;
		};
		CC2C6D241F39AC5000262B39 /* Sources */ = {
			isa = PBXSourcesBuildPhase;
			buildActionMask = 2147483647;
			files = (
				CC2C6D2D1F39AC5000262B39 /* DemonUITests.swift in Sources */,
			);
			runOnlyForDeploymentPostprocessing = 0;
		};
/* End PBXSourcesBuildPhase section */

/* Begin PBXTargetDependency section */
		CC2C6D1F1F39AC4F00262B39 /* PBXTargetDependency */ = {
			isa = PBXTargetDependency;
			target = CC2C6D081F39AC4F00262B39 /* Demon */;
			targetProxy = CC2C6D1E1F39AC4F00262B39 /* PBXContainerItemProxy */;
		};
		CC2C6D2A1F39AC5000262B39 /* PBXTargetDependency */ = {
			isa = PBXTargetDependency;
			target = CC2C6D081F39AC4F00262B39 /* Demon */;
			targetProxy = CC2C6D291F39AC5000262B39 /* PBXContainerItemProxy */;
		};
/* End PBXTargetDependency section */

/* Begin PBXVariantGroup section */
		CC2C6D101F39AC4F00262B39 /* Main.storyboard */ = {
			isa = PBXVariantGroup;
			children = (
				CC2C6D111F39AC4F00262B39 /* Base */,
			);
			name = Main.storyboard;
			path = ../..;
			sourceTree = "<group>";
		};
		CC2C6D151F39AC4F00262B39 /* LaunchScreen.storyboard */ = {
			isa = PBXVariantGroup;
			children = (
				CC2C6D161F39AC4F00262B39 /* Base */,
			);
			name = LaunchScreen.storyboard;
			path = ../..;
			sourceTree = "<group>";
		};
/* End PBXVariantGroup section */

/* Begin XCBuildConfiguration section */
		CC2C6D2F1F39AC5000262B39 /* Debug */ = {
			isa = XCBuildConfiguration;
			buildSettings = {
				ALWAYS_SEARCH_USER_PATHS = NO;
				CLANG_ANALYZER_NONNULL = YES;
				CLANG_ANALYZER_NUMBER_OBJECT_CONVERSION = YES_AGGRESSIVE;
				CLANG_CXX_LANGUAGE_STANDARD = "gnu++0x";
				CLANG_CXX_LIBRARY = "libc++";
				CLANG_ENABLE_MODULES = YES;
				CLANG_ENABLE_OBJC_ARC = YES;
				CLANG_WARN_BOOL_CONVERSION = YES;
				CLANG_WARN_CONSTANT_CONVERSION = YES;
				CLANG_WARN_DIRECT_OBJC_ISA_USAGE = YES_ERROR;
				CLANG_WARN_DOCUMENTATION_COMMENTS = YES;
				CLANG_WARN_EMPTY_BODY = YES;
				CLANG_WARN_ENUM_CONVERSION = YES;
				CLANG_WARN_INFINITE_RECURSION = YES;
				CLANG_WARN_INT_CONVERSION = YES;
				CLANG_WARN_OBJC_ROOT_CLASS = YES_ERROR;
				CLANG_WARN_SUSPICIOUS_MOVE = YES;
				CLANG_WARN_UNREACHABLE_CODE = YES;
				CLANG_WARN__DUPLICATE_METHOD_MATCH = YES;
				"CODE_SIGN_IDENTITY[sdk=iphoneos*]" = "iPhone Developer";
				COPY_PHASE_STRIP = NO;
				DEBUG_INFORMATION_FORMAT = dwarf;
				ENABLE_STRICT_OBJC_MSGSEND = YES;
				ENABLE_TESTABILITY = YES;
				GCC_C_LANGUAGE_STANDARD = gnu99;
				GCC_DYNAMIC_NO_PIC = NO;
				GCC_NO_COMMON_BLOCKS = YES;
				GCC_OPTIMIZATION_LEVEL = 0;
				GCC_PREPROCESSOR_DEFINITIONS = (
					"DEBUG=1",
					"$(inherited)",
				);
				GCC_WARN_64_TO_32_BIT_CONVERSION = YES;
				GCC_WARN_ABOUT_RETURN_TYPE = YES_ERROR;
				GCC_WARN_UNDECLARED_SELECTOR = YES;
				GCC_WARN_UNINITIALIZED_AUTOS = YES_AGGRESSIVE;
				GCC_WARN_UNUSED_FUNCTION = YES;
				GCC_WARN_UNUSED_VARIABLE = YES;
				IPHONEOS_DEPLOYMENT_TARGET = 10.3;
				MTL_ENABLE_DEBUG_INFO = YES;
				ONLY_ACTIVE_ARCH = YES;
				SDKROOT = iphoneos;
				SWIFT_ACTIVE_COMPILATION_CONDITIONS = DEBUG;
				SWIFT_OPTIMIZATION_LEVEL = "-Onone";
			};
			name = Debug;
		};
		CC2C6D301F39AC5000262B39 /* Release */ = {
			isa = XCBuildConfiguration;
			buildSettings = {
				ALWAYS_SEARCH_USER_PATHS = NO;
				CLANG_ANALYZER_NONNULL = YES;
				CLANG_ANALYZER_NUMBER_OBJECT_CONVERSION = YES_AGGRESSIVE;
				CLANG_CXX_LANGUAGE_STANDARD = "gnu++0x";
				CLANG_CXX_LIBRARY = "libc++";
				CLANG_ENABLE_MODULES = YES;
				CLANG_ENABLE_OBJC_ARC = YES;
				CLANG_WARN_BOOL_CONVERSION = YES;
				CLANG_WARN_CONSTANT_CONVERSION = YES;
				CLANG_WARN_DIRECT_OBJC_ISA_USAGE = YES_ERROR;
				CLANG_WARN_DOCUMENTATION_COMMENTS = YES;
				CLANG_WARN_EMPTY_BODY = YES;
				CLANG_WARN_ENUM_CONVERSION = YES;
				CLANG_WARN_INFINITE_RECURSION = YES;
				CLANG_WARN_INT_CONVERSION = YES;
				CLANG_WARN_OBJC_ROOT_CLASS = YES_ERROR;
				CLANG_WARN_SUSPICIOUS_MOVE = YES;
				CLANG_WARN_UNREACHABLE_CODE = YES;
				CLANG_WARN__DUPLICATE_METHOD_MATCH = YES;
				"CODE_SIGN_IDENTITY[sdk=iphoneos*]" = "iPhone Developer";
				COPY_PHASE_STRIP = NO;
				DEBUG_INFORMATION_FORMAT = "dwarf-with-dsym";
				ENABLE_NS_ASSERTIONS = NO;
				ENABLE_STRICT_OBJC_MSGSEND = YES;
				GCC_C_LANGUAGE_STANDARD = gnu99;
				GCC_NO_COMMON_BLOCKS = YES;
				GCC_WARN_64_TO_32_BIT_CONVERSION = YES;
				GCC_WARN_ABOUT_RETURN_TYPE = YES_ERROR;
				GCC_WARN_UNDECLARED_SELECTOR = YES;
				GCC_WARN_UNINITIALIZED_AUTOS = YES_AGGRESSIVE;
				GCC_WARN_UNUSED_FUNCTION = YES;
				GCC_WARN_UNUSED_VARIABLE = YES;
				IPHONEOS_DEPLOYMENT_TARGET = 10.3;
				MTL_ENABLE_DEBUG_INFO = NO;
				SDKROOT = iphoneos;
				SWIFT_OPTIMIZATION_LEVEL = "-Owholemodule";
				VALIDATE_PRODUCT = YES;
			};
			name = Release;
		};
		CC2C6D321F39AC5000262B39 /* Debug */ = {
			isa = XCBuildConfiguration;
			buildSettings = {
				ASSETCATALOG_COMPILER_APPICON_NAME = AppIcon;
				DEVELOPMENT_TEAM = Q3A9R265EU;
				FRAMEWORK_SEARCH_PATHS = (
					"$(inherited)",
					"$(PROJECT_DIR)/Demon/Classes/Lib/SDK/Required",
					"$(PROJECT_DIR)/Demon/Classes/Lib/SDK/ShareSDK",
					"$(PROJECT_DIR)/Demon/Classes/Lib/SDK/ShareSDK/Support/Optional",
					"$(PROJECT_DIR)/Demon/Classes/Lib/SDK/ShareSDK/Support/PlatformConnector",
					"$(PROJECT_DIR)/Demon/Classes/Lib/SDK/ShareSDK/Support/PlatformSDK/QQSDK",
					"$(PROJECT_DIR)/Demon/Classes/Lib/SDK/ShareSDK/Support/Required",
				);
				INFOPLIST_FILE = Demon/Info.plist;
				LD_RUNPATH_SEARCH_PATHS = "$(inherited) @executable_path/Frameworks";
				LIBRARY_SEARCH_PATHS = (
					"$(inherited)",
					"$(PROJECT_DIR)/Demon/Classes/Lib/SDK/ShareSDK/Support/PlatformSDK/SinaWeiboSDK",
					"$(PROJECT_DIR)/Demon/Classes/Lib/SDK/ShareSDK/Support/PlatformSDK/WeChatSDK",
				);
				OTHER_LDFLAGS = "-ObjC";
				PRODUCT_BUNDLE_IDENTIFIER = CW.Demon;
				PRODUCT_NAME = "$(TARGET_NAME)";
				SWIFT_OBJC_BRIDGING_HEADER = "/Users/afarsoft/Desktop/iOS/Demon/Demon/Classes/Other/ShareSDK-Bridging-Header.h";
				SWIFT_VERSION = 3.0;
			};
			name = Debug;
		};
		CC2C6D331F39AC5000262B39 /* Release */ = {
			isa = XCBuildConfiguration;
			buildSettings = {
				ASSETCATALOG_COMPILER_APPICON_NAME = AppIcon;
				DEVELOPMENT_TEAM = Q3A9R265EU;
				FRAMEWORK_SEARCH_PATHS = (
					"$(inherited)",
					"$(PROJECT_DIR)/Demon/Classes/Lib/SDK/Required",
					"$(PROJECT_DIR)/Demon/Classes/Lib/SDK/ShareSDK",
					"$(PROJECT_DIR)/Demon/Classes/Lib/SDK/ShareSDK/Support/Optional",
					"$(PROJECT_DIR)/Demon/Classes/Lib/SDK/ShareSDK/Support/PlatformConnector",
					"$(PROJECT_DIR)/Demon/Classes/Lib/SDK/ShareSDK/Support/PlatformSDK/QQSDK",
					"$(PROJECT_DIR)/Demon/Classes/Lib/SDK/ShareSDK/Support/Required",
				);
				INFOPLIST_FILE = Demon/Info.plist;
				LD_RUNPATH_SEARCH_PATHS = "$(inherited) @executable_path/Frameworks";
				LIBRARY_SEARCH_PATHS = (
					"$(inherited)",
					"$(PROJECT_DIR)/Demon/Classes/Lib/SDK/ShareSDK/Support/PlatformSDK/SinaWeiboSDK",
					"$(PROJECT_DIR)/Demon/Classes/Lib/SDK/ShareSDK/Support/PlatformSDK/WeChatSDK",
				);
				OTHER_LDFLAGS = "-ObjC";
				PRODUCT_BUNDLE_IDENTIFIER = CW.Demon;
				PRODUCT_NAME = "$(TARGET_NAME)";
				SWIFT_OBJC_BRIDGING_HEADER = "/Users/afarsoft/Desktop/iOS/Demon/Demon/Classes/Other/ShareSDK-Bridging-Header.h";
				SWIFT_VERSION = 3.0;
			};
			name = Release;
		};
		CC2C6D351F39AC5000262B39 /* Debug */ = {
			isa = XCBuildConfiguration;
			buildSettings = {
				ALWAYS_EMBED_SWIFT_STANDARD_LIBRARIES = YES;
				BUNDLE_LOADER = "$(TEST_HOST)";
				INFOPLIST_FILE = DemonTests/Info.plist;
				LD_RUNPATH_SEARCH_PATHS = "$(inherited) @executable_path/Frameworks @loader_path/Frameworks";
				PRODUCT_BUNDLE_IDENTIFIER = CW.DemonTests;
				PRODUCT_NAME = "$(TARGET_NAME)";
				SWIFT_VERSION = 3.0;
				TEST_HOST = "$(BUILT_PRODUCTS_DIR)/Demon.app/Demon";
			};
			name = Debug;
		};
		CC2C6D361F39AC5000262B39 /* Release */ = {
			isa = XCBuildConfiguration;
			buildSettings = {
				ALWAYS_EMBED_SWIFT_STANDARD_LIBRARIES = YES;
				BUNDLE_LOADER = "$(TEST_HOST)";
				INFOPLIST_FILE = DemonTests/Info.plist;
				LD_RUNPATH_SEARCH_PATHS = "$(inherited) @executable_path/Frameworks @loader_path/Frameworks";
				PRODUCT_BUNDLE_IDENTIFIER = CW.DemonTests;
				PRODUCT_NAME = "$(TARGET_NAME)";
				SWIFT_VERSION = 3.0;
				TEST_HOST = "$(BUILT_PRODUCTS_DIR)/Demon.app/Demon";
			};
			name = Release;
		};
		CC2C6D381F39AC5000262B39 /* Debug */ = {
			isa = XCBuildConfiguration;
			buildSettings = {
				ALWAYS_EMBED_SWIFT_STANDARD_LIBRARIES = YES;
				INFOPLIST_FILE = DemonUITests/Info.plist;
				LD_RUNPATH_SEARCH_PATHS = "$(inherited) @executable_path/Frameworks @loader_path/Frameworks";
				PRODUCT_BUNDLE_IDENTIFIER = CW.DemonUITests;
				PRODUCT_NAME = "$(TARGET_NAME)";
				SWIFT_VERSION = 3.0;
				TEST_TARGET_NAME = Demon;
			};
			name = Debug;
		};
		CC2C6D391F39AC5000262B39 /* Release */ = {
			isa = XCBuildConfiguration;
			buildSettings = {
				ALWAYS_EMBED_SWIFT_STANDARD_LIBRARIES = YES;
				INFOPLIST_FILE = DemonUITests/Info.plist;
				LD_RUNPATH_SEARCH_PATHS = "$(inherited) @executable_path/Frameworks @loader_path/Frameworks";
				PRODUCT_BUNDLE_IDENTIFIER = CW.DemonUITests;
				PRODUCT_NAME = "$(TARGET_NAME)";
				SWIFT_VERSION = 3.0;
				TEST_TARGET_NAME = Demon;
			};
			name = Release;
		};
/* End XCBuildConfiguration section */

/* Begin XCConfigurationList section */
		CC2C6D041F39AC4F00262B39 /* Build configuration list for PBXProject "Demon" */ = {
			isa = XCConfigurationList;
			buildConfigurations = (
				CC2C6D2F1F39AC5000262B39 /* Debug */,
				CC2C6D301F39AC5000262B39 /* Release */,
			);
			defaultConfigurationIsVisible = 0;
			defaultConfigurationName = Release;
		};
		CC2C6D311F39AC5000262B39 /* Build configuration list for PBXNativeTarget "Demon" */ = {
			isa = XCConfigurationList;
			buildConfigurations = (
				CC2C6D321F39AC5000262B39 /* Debug */,
				CC2C6D331F39AC5000262B39 /* Release */,
			);
			defaultConfigurationIsVisible = 0;
			defaultConfigurationName = Release;
		};
		CC2C6D341F39AC5000262B39 /* Build configuration list for PBXNativeTarget "DemonTests" */ = {
			isa = XCConfigurationList;
			buildConfigurations = (
				CC2C6D351F39AC5000262B39 /* Debug */,
				CC2C6D361F39AC5000262B39 /* Release */,
			);
			defaultConfigurationIsVisible = 0;
			defaultConfigurationName = Release;
		};
		CC2C6D371F39AC5000262B39 /* Build configuration list for PBXNativeTarget "DemonUITests" */ = {
			isa = XCConfigurationList;
			buildConfigurations = (
				CC2C6D381F39AC5000262B39 /* Debug */,
				CC2C6D391F39AC5000262B39 /* Release */,
			);
			defaultConfigurationIsVisible = 0;
			defaultConfigurationName = Release;
		};
/* End XCConfigurationList section */
	};
	rootObject = CC2C6D011F39AC4F00262B39 /* Project object */;
}
